
Microsoft Visual Studio Solution File, Format Version 12.00
# Visual Studio Version 17
VisualStudioVersion = 17.5.33627.172
MinimumVisualStudioVersion = 10.0.40219.1
Project("{FAE04EC0-301F-11D3-BF4B-00C04F79EFBC}") = "InfinityAmmo&Radio", "InfinityAmmo\InfinityAmmo&Radio.csproj", "{A20FF749-15E6-481E-BB87-245D9A2224E6}"
EndProject
Global
	GlobalSection(SolutionConfigurationPlatforms) = preSolution
		Debug|Any CPU = Debug|Any CPU
		Release|Any CPU = Release|Any CPU
	EndGlobalSection
	GlobalSection(ProjectConfigurationPlatforms) = postSolution
		{A20FF749-15E6-481E-BB87-245D9A2224E6}.Debug|Any CPU.ActiveCfg = Debug|Any CPU
		{A20FF749-15E6-481E-BB87-245D9A2224E6}.Debug|Any CPU.Build.0 = Debug|Any CPU
		{A20FF749-15E6-481E-BB87-245D9A2224E6}.Release|Any CPU.ActiveCfg = Release|Any CPU
		{A20FF749-15E6-481E-BB87-245D9A2224E6}.Release|Any CPU.Build.0 = Release|Any CPU
	EndGlobalSection
	GlobalSection(SolutionProperties) = preSolution
		HideSolutionNode = FALSE
	EndGlobalSection
	GlobalSection(ExtensibilityGlobals) = postSolution
		SolutionGuid = {62AD005B-7BEF-422A-8BE1-5F0B4AECF4DC}
	EndGlobalSection
EndGlobal
